
Microsoft Visual Studio Solution File, Format Version 12.00
# Visual Studio Version 16
VisualStudioVersion = 16.0.31129.286
MinimumVisualStudioVersion = 10.0.40219.1
Project("{FAE04EC0-301F-11D3-BF4B-00C04F79EFBC}") = "TestIBMbyMind", "TestIBMbyMind.csproj", "{B854A485-4C2C-4981-9EEF-196163D9ABD6}"
EndProject
Global
	GlobalSection(SolutionConfigurationPlatforms) = preSolution
		Debug|Any CPU = Debug|Any CPU
		Release|Any CPU = Release|Any CPU
	EndGlobalSection
	GlobalSection(ProjectConfigurationPlatforms) = postSolution
		{B854A485-4C2C-4981-9EEF-196163D9ABD6}.Debug|Any CPU.ActiveCfg = Debug|Any CPU
		{B854A485-4C2C-4981-9EEF-196163D9ABD6}.Debug|Any CPU.Build.0 = Debug|Any CPU
		{B854A485-4C2C-4981-9EEF-196163D9ABD6}.Release|Any CPU.ActiveCfg = Release|Any CPU
		{B854A485-4C2C-4981-9EEF-196163D9ABD6}.Release|Any CPU.Build.0 = Release|Any CPU
	EndGlobalSection
	GlobalSection(SolutionProperties) = preSolution
		HideSolutionNode = FALSE
	EndGlobalSection
	GlobalSection(ExtensibilityGlobals) = postSolution
		SolutionGuid = {3E4A0332-DDA0-4CEA-BF3A-A75465660232}
	EndGlobalSection
EndGlobal
